<?xml version="1.0"?>
<Project ToolsVersion="4.0" xmlns="http://schemas.microsoft.com/developer/msbuild/2003">
	<ItemGroup>
		<ClCompile Include="src\ofApp.cpp">
			<Filter>src</Filter>
		</ClCompile>
		<ClCompile Include="src\main.cpp">
			<Filter>src</Filter>
		</ClCompile>
		<ClCompile Include="..\..\..\addons\ofxUltralight\src\ofxUltralight.cpp">
			<Filter>addons\ofxUltralight\src</Filter>
		</ClCompile>
	</ItemGroup>
	<ItemGroup>
		<Filter Include="src">
			<UniqueIdentifier>{d8376475-7454-4a24-b08a-aac121d3ad6f}</UniqueIdentifier>
		</Filter>
		<Filter Include="addons">
			<UniqueIdentifier>{71834F65-F3A9-211E-73B8-DC85}</UniqueIdentifier>
		</Filter>
		<Filter Include="addons\ofxUltralight">
			<UniqueIdentifier>{12D3E393-A6F8-D08A-7BF1-81AC}</UniqueIdentifier>
		</Filter>
		<Filter Include="addons\ofxUltralight\src">
			<UniqueIdentifier>{69E3A393-B583-2283-7AF3-A377}</UniqueIdentifier>
		</Filter>
		<Filter Include="addons\ofxUltralight\libs">
			<UniqueIdentifier>{26313E68-5B87-815B-6043-8523}</UniqueIdentifier>
		</Filter>
		<Filter Include="addons\ofxUltralight\libs\include">
			<UniqueIdentifier>{EEC6D7C9-DA79-C59D-A614-59D1}</UniqueIdentifier>
		</Filter>
		<Filter Include="addons\ofxUltralight\libs\include\AppCore">
			<UniqueIdentifier>{CF06D5AF-E314-6A87-352A-00A7}</UniqueIdentifier>
		</Filter>
		<Filter Include="addons\ofxUltralight\libs\include\JavaScriptCore">
			<UniqueIdentifier>{010BB236-7A6B-C57F-F668-E592}</UniqueIdentifier>
		</Filter>
		<Filter Include="addons\ofxUltralight\libs\include\Ultralight">
			<UniqueIdentifier>{6A7B29CC-6ED1-5727-E082-36C5}</UniqueIdentifier>
		</Filter>
		<Filter Include="addons\ofxUltralight\libs\include\Ultralight\platform">
			<UniqueIdentifier>{792EA1E1-9EEC-C627-2C18-E6E2}</UniqueIdentifier>
		</Filter>
		<Filter Include="addons\ofxUltralight\libs\include\Ultralight\private">
			<UniqueIdentifier>{4E44179F-1208-DA60-2D78-B9C3}</UniqueIdentifier>
		</Filter>
	</ItemGroup>
	<ItemGroup>
		<ClInclude Include="src\ofApp.h">
			<Filter>src</Filter>
		</ClInclude>
		<ClInclude Include="..\..\..\addons\ofxUltralight\src\ofxUltralight.h">
			<Filter>addons\ofxUltralight\src</Filter>
		</ClInclude>
		<ClInclude Include="..\..\..\addons\ofxUltralight\libs\include\AppCore\App.h">
			<Filter>addons\ofxUltralight\libs\include\AppCore</Filter>
		</ClInclude>
		<ClInclude Include="..\..\..\addons\ofxUltralight\libs\include\AppCore\AppCore.h">
			<Filter>addons\ofxUltralight\libs\include\AppCore</Filter>
		</ClInclude>
		<ClInclude Include="..\..\..\addons\ofxUltralight\libs\include\AppCore\CAPI.h">
			<Filter>addons\ofxUltralight\libs\include\AppCore</Filter>
		</ClInclude>
		<ClInclude Include="..\..\..\addons\ofxUltralight\libs\include\AppCore\Defines.h">
			<Filter>addons\ofxUltralight\libs\include\AppCore</Filter>
		</ClInclude>
		<ClInclude Include="..\..\..\addons\ofxUltralight\libs\include\AppCore\JSHelpers.h">
			<Filter>addons\ofxUltralight\libs\include\AppCore</Filter>
		</ClInclude>
		<ClInclude Include="..\..\..\addons\ofxUltralight\libs\include\AppCore\Monitor.h">
			<Filter>addons\ofxUltralight\libs\include\AppCore</Filter>
		</ClInclude>
		<ClInclude Include="..\..\..\addons\ofxUltralight\libs\include\AppCore\Overlay.h">
			<Filter>addons\ofxUltralight\libs\include\AppCore</Filter>
		</ClInclude>
		<ClInclude Include="..\..\..\addons\ofxUltralight\libs\include\AppCore\Platform.h">
			<Filter>addons\ofxUltralight\libs\include\AppCore</Filter>
		</ClInclude>
		<ClInclude Include="..\..\..\addons\ofxUltralight\libs\include\AppCore\Window.h">
			<Filter>addons\ofxUltralight\libs\include\AppCore</Filter>
		</ClInclude>
		<ClInclude Include="..\..\..\addons\ofxUltralight\libs\include\JavaScriptCore\JavaScript.h">
			<Filter>addons\ofxUltralight\libs\include\JavaScriptCore</Filter>
		</ClInclude>
		<ClInclude Include="..\..\..\addons\ofxUltralight\libs\include\JavaScriptCore\JSBase.h">
			<Filter>addons\ofxUltralight\libs\include\JavaScriptCore</Filter>
		</ClInclude>
		<ClInclude Include="..\..\..\addons\ofxUltralight\libs\include\JavaScriptCore\JSContextRef.h">
			<Filter>addons\ofxUltralight\libs\include\JavaScriptCore</Filter>
		</ClInclude>
		<ClInclude Include="..\..\..\addons\ofxUltralight\libs\include\JavaScriptCore\JSObjectRef.h">
			<Filter>addons\ofxUltralight\libs\include\JavaScriptCore</Filter>
		</ClInclude>
		<ClInclude Include="..\..\..\addons\ofxUltralight\libs\include\JavaScriptCore\JSObjectRefPrivate.h">
			<Filter>addons\ofxUltralight\libs\include\JavaScriptCore</Filter>
		</ClInclude>
		<ClInclude Include="..\..\..\addons\ofxUltralight\libs\include\JavaScriptCore\JSRetainPtr.h">
			<Filter>addons\ofxUltralight\libs\include\JavaScriptCore</Filter>
		</ClInclude>
		<ClInclude Include="..\..\..\addons\ofxUltralight\libs\include\JavaScriptCore\JSStringRef.h">
			<Filter>addons\ofxUltralight\libs\include\JavaScriptCore</Filter>
		</ClInclude>
		<ClInclude Include="..\..\..\addons\ofxUltralight\libs\include\JavaScriptCore\JSTypedArray.h">
			<Filter>addons\ofxUltralight\libs\include\JavaScriptCore</Filter>
		</ClInclude>
		<ClInclude Include="..\..\..\addons\ofxUltralight\libs\include\JavaScriptCore\JSValueRef.h">
			<Filter>addons\ofxUltralight\libs\include\JavaScriptCore</Filter>
		</ClInclude>
		<ClInclude Include="..\..\..\addons\ofxUltralight\libs\include\JavaScriptCore\WebKitAvailability.h">
			<Filter>addons\ofxUltralight\libs\include\JavaScriptCore</Filter>
		</ClInclude>
		<ClInclude Include="..\..\..\addons\ofxUltralight\libs\include\Ultralight\Bitmap.h">
			<Filter>addons\ofxUltralight\libs\include\Ultralight</Filter>
		</ClInclude>
		<ClInclude Include="..\..\..\addons\ofxUltralight\libs\include\Ultralight\Buffer.h">
			<Filter>addons\ofxUltralight\libs\include\Ultralight</Filter>
		</ClInclude>
		<ClInclude Include="..\..\..\addons\ofxUltralight\libs\include\Ultralight\CAPI.h">
			<Filter>addons\ofxUltralight\libs\include\Ultralight</Filter>
		</ClInclude>
		<ClInclude Include="..\..\..\addons\ofxUltralight\libs\include\Ultralight\Defines.h">
			<Filter>addons\ofxUltralight\libs\include\Ultralight</Filter>
		</ClInclude>
		<ClInclude Include="..\..\..\addons\ofxUltralight\libs\include\Ultralight\Geometry.h">
			<Filter>addons\ofxUltralight\libs\include\Ultralight</Filter>
		</ClInclude>
		<ClInclude Include="..\..\..\addons\ofxUltralight\libs\include\Ultralight\JavaScript.h">
			<Filter>addons\ofxUltralight\libs\include\Ultralight</Filter>
		</ClInclude>
		<ClInclude Include="..\..\..\addons\ofxUltralight\libs\include\Ultralight\KeyCodes.h">
			<Filter>addons\ofxUltralight\libs\include\Ultralight</Filter>
		</ClInclude>
		<ClInclude Include="..\..\..\addons\ofxUltralight\libs\include\Ultralight\KeyEvent.h">
			<Filter>addons\ofxUltralight\libs\include\Ultralight</Filter>
		</ClInclude>
		<ClInclude Include="..\..\..\addons\ofxUltralight\libs\include\Ultralight\Listener.h">
			<Filter>addons\ofxUltralight\libs\include\Ultralight</Filter>
		</ClInclude>
		<ClInclude Include="..\..\..\addons\ofxUltralight\libs\include\Ultralight\Matrix.h">
			<Filter>addons\ofxUltralight\libs\include\Ultralight</Filter>
		</ClInclude>
		<ClInclude Include="..\..\..\addons\ofxUltralight\libs\include\Ultralight\MouseEvent.h">
			<Filter>addons\ofxUltralight\libs\include\Ultralight</Filter>
		</ClInclude>
		<ClInclude Include="..\..\..\addons\ofxUltralight\libs\include\Ultralight\platform\Clipboard.h">
			<Filter>addons\ofxUltralight\libs\include\Ultralight\platform</Filter>
		</ClInclude>
		<ClInclude Include="..\..\..\addons\ofxUltralight\libs\include\Ultralight\platform\Config.h">
			<Filter>addons\ofxUltralight\libs\include\Ultralight\platform</Filter>
		</ClInclude>
		<ClInclude Include="..\..\..\addons\ofxUltralight\libs\include\Ultralight\platform\FileSystem.h">
			<Filter>addons\ofxUltralight\libs\include\Ultralight\platform</Filter>
		</ClInclude>
		<ClInclude Include="..\..\..\addons\ofxUltralight\libs\include\Ultralight\platform\FontLoader.h">
			<Filter>addons\ofxUltralight\libs\include\Ultralight\platform</Filter>
		</ClInclude>
		<ClInclude Include="..\..\..\addons\ofxUltralight\libs\include\Ultralight\platform\GPUDriver.h">
			<Filter>addons\ofxUltralight\libs\include\Ultralight\platform</Filter>
		</ClInclude>
		<ClInclude Include="..\..\..\addons\ofxUltralight\libs\include\Ultralight\platform\Logger.h">
			<Filter>addons\ofxUltralight\libs\include\Ultralight\platform</Filter>
		</ClInclude>
		<ClInclude Include="..\..\..\addons\ofxUltralight\libs\include\Ultralight\platform\Platform.h">
			<Filter>addons\ofxUltralight\libs\include\Ultralight\platform</Filter>
		</ClInclude>
		<ClInclude Include="..\..\..\addons\ofxUltralight\libs\include\Ultralight\platform\Surface.h">
			<Filter>addons\ofxUltralight\libs\include\Ultralight\platform</Filter>
		</ClInclude>
		<ClInclude Include="..\..\..\addons\ofxUltralight\libs\include\Ultralight\private\PlatformFileSystem.h">
			<Filter>addons\ofxUltralight\libs\include\Ultralight\private</Filter>
		</ClInclude>
		<ClInclude Include="..\..\..\addons\ofxUltralight\libs\include\Ultralight\RefPtr.h">
			<Filter>addons\ofxUltralight\libs\include\Ultralight</Filter>
		</ClInclude>
		<ClInclude Include="..\..\..\addons\ofxUltralight\libs\include\Ultralight\Renderer.h">
			<Filter>addons\ofxUltralight\libs\include\Ultralight</Filter>
		</ClInclude>
		<ClInclude Include="..\..\..\addons\ofxUltralight\libs\include\Ultralight\RenderTarget.h">
			<Filter>addons\ofxUltralight\libs\include\Ultralight</Filter>
		</ClInclude>
		<ClInclude Include="..\..\..\addons\ofxUltralight\libs\include\Ultralight\RequestHandler.h">
			<Filter>addons\ofxUltralight\libs\include\Ultralight</Filter>
		</ClInclude>
		<ClInclude Include="..\..\..\addons\ofxUltralight\libs\include\Ultralight\ScrollEvent.h">
			<Filter>addons\ofxUltralight\libs\include\Ultralight</Filter>
		</ClInclude>
		<ClInclude Include="..\..\..\addons\ofxUltralight\libs\include\Ultralight\Session.h">
			<Filter>addons\ofxUltralight\libs\include\Ultralight</Filter>
		</ClInclude>
		<ClInclude Include="..\..\..\addons\ofxUltralight\libs\include\Ultralight\String.h">
			<Filter>addons\ofxUltralight\libs\include\Ultralight</Filter>
		</ClInclude>
		<ClInclude Include="..\..\..\addons\ofxUltralight\libs\include\Ultralight\String16.h">
			<Filter>addons\ofxUltralight\libs\include\Ultralight</Filter>
		</ClInclude>
		<ClInclude Include="..\..\..\addons\ofxUltralight\libs\include\Ultralight\String32.h">
			<Filter>addons\ofxUltralight\libs\include\Ultralight</Filter>
		</ClInclude>
		<ClInclude Include="..\..\..\addons\ofxUltralight\libs\include\Ultralight\String8.h">
			<Filter>addons\ofxUltralight\libs\include\Ultralight</Filter>
		</ClInclude>
		<ClInclude Include="..\..\..\addons\ofxUltralight\libs\include\Ultralight\Ultralight.h">
			<Filter>addons\ofxUltralight\libs\include\Ultralight</Filter>
		</ClInclude>
		<ClInclude Include="..\..\..\addons\ofxUltralight\libs\include\Ultralight\View.h">
			<Filter>addons\ofxUltralight\libs\include\Ultralight</Filter>
		</ClInclude>
	</ItemGroup>
	<ItemGroup>
		<ResourceCompile Include="icon.rc" />
	</ItemGroup>
</Project>
